
Microsoft Visual Studio Solution File, Format Version 12.00
# Visual Studio 15
VisualStudioVersion = 15.0.27130.2010
MinimumVisualStudioVersion = 10.0.40219.1
Project("{FAE04EC0-301F-11D3-BF4B-00C04F79EFBC}") = "Wpf15puzzle", "Wpf15puzzle\Wpf15puzzle.csproj", "{6C8B3C38-C66E-44D3-84FD-F2F1C6DBFF19}"
EndProject
Project("{FAE04EC0-301F-11D3-BF4B-00C04F79EFBC}") = "CycWpfLibrary", "CycWpfLibrary\CycWpfLibrary\CycWpfLibrary.csproj", "{DC9B1571-60B9-48D4-A147-24820D8E895B}"
EndProject
Project("{FAE04EC0-301F-11D3-BF4B-00C04F79EFBC}") = "CycWpfLibrary.Resource", "CycWpfLibrary\CycWpfLibrary.Resource\CycWpfLibrary.Resource.csproj", "{BE626A2B-F351-4768-A246-4CAB2A7F6A56}"
EndProject
Global
	GlobalSection(SolutionConfigurationPlatforms) = preSolution
		Debug|Any CPU = Debug|Any CPU
		Release|Any CPU = Release|Any CPU
	EndGlobalSection
	GlobalSection(ProjectConfigurationPlatforms) = postSolution
		{6C8B3C38-C66E-44D3-84FD-F2F1C6DBFF19}.Debug|Any CPU.ActiveCfg = Debug|Any CPU
		{6C8B3C38-C66E-44D3-84FD-F2F1C6DBFF19}.Debug|Any CPU.Build.0 = Debug|Any CPU
		{6C8B3C38-C66E-44D3-84FD-F2F1C6DBFF19}.Release|Any CPU.ActiveCfg = Release|Any CPU
		{6C8B3C38-C66E-44D3-84FD-F2F1C6DBFF19}.Release|Any CPU.Build.0 = Release|Any CPU
		{DC9B1571-60B9-48D4-A147-24820D8E895B}.Debug|Any CPU.ActiveCfg = Debug|Any CPU
		{DC9B1571-60B9-48D4-A147-24820D8E895B}.Debug|Any CPU.Build.0 = Debug|Any CPU
		{DC9B1571-60B9-48D4-A147-24820D8E895B}.Release|Any CPU.ActiveCfg = Release|Any CPU
		{DC9B1571-60B9-48D4-A147-24820D8E895B}.Release|Any CPU.Build.0 = Release|Any CPU
		{BE626A2B-F351-4768-A246-4CAB2A7F6A56}.Debug|Any CPU.ActiveCfg = Debug|Any CPU
		{BE626A2B-F351-4768-A246-4CAB2A7F6A56}.Debug|Any CPU.Build.0 = Debug|Any CPU
		{BE626A2B-F351-4768-A246-4CAB2A7F6A56}.Release|Any CPU.ActiveCfg = Release|Any CPU
		{BE626A2B-F351-4768-A246-4CAB2A7F6A56}.Release|Any CPU.Build.0 = Release|Any CPU
	EndGlobalSection
	GlobalSection(SolutionProperties) = preSolution
		HideSolutionNode = FALSE
	EndGlobalSection
	GlobalSection(ExtensibilityGlobals) = postSolution
		SolutionGuid = {C321777E-5E33-4E91-AD10-D5BE45F0595E}
	EndGlobalSection
EndGlobal
